// !$*UTF8*$!
{
	archiveVersion = 1;
	classes = {
	};
	objectVersion = 55;
	objects = {

/* Begin PBXBuildFile section */
		1238661F29885A0E0008F098 /* AppDelegate.m in Sources */ = {isa = PBXBuildFile; fileRef = 1238661E29885A0E0008F098 /* AppDelegate.m */; };
		1238662229885A0E0008F098 /* SceneDelegate.m in Sources */ = {isa = PBXBuildFile; fileRef = 1238662129885A0E0008F098 /* SceneDelegate.m */; };
		1238662529885A0E0008F098 /* ViewController.m in Sources */ = {isa = PBXBuildFile; fileRef = 1238662429885A0E0008F098 /* ViewController.m */; };
		1238662829885A0E0008F098 /* Main.storyboard in Resources */ = {isa = PBXBuildFile; fileRef = 1238662629885A0E0008F098 /* Main.storyboard */; };
		1238662A29885A120008F098 /* Assets.xcassets in Resources */ = {isa = PBXBuildFile; fileRef = 1238662929885A120008F098 /* Assets.xcassets */; };
		1238662D29885A120008F098 /* LaunchScreen.storyboard in Resources */ = {isa = PBXBuildFile; fileRef = 1238662B29885A120008F098 /* LaunchScreen.storyboard */; };
		1238663029885A120008F098 /* main.m in Sources */ = {isa = PBXBuildFile; fileRef = 1238662F29885A120008F098 /* main.m */; };
		1238663A29885A120008F098 /* SSQRD_DemoTests.m in Sources */ = {isa = PBXBuildFile; fileRef = 1238663929885A120008F098 /* SSQRD_DemoTests.m */; };
		1238664429885A120008F098 /* SSQRD_DemoUITests.m in Sources */ = {isa = PBXBuildFile; fileRef = 1238664329885A120008F098 /* SSQRD_DemoUITests.m */; };
		1238664629885A120008F098 /* SSQRD_DemoUITestsLaunchTests.m in Sources */ = {isa = PBXBuildFile; fileRef = 1238664529885A120008F098 /* SSQRD_DemoUITestsLaunchTests.m */; };
/* End PBXBuildFile section */

/* Begin PBXContainerItemProxy section */
		1238663629885A120008F098 /* PBXContainerItemProxy */ = {
			isa = PBXContainerItemProxy;
			containerPortal = 1238661229885A0E0008F098 /* Project object */;
			proxyType = 1;
			remoteGlobalIDString = 1238661929885A0E0008F098;
			remoteInfo = "SSQRD Demo";
		};
		1238664029885A120008F098 /* PBXContainerItemProxy */ = {
			isa = PBXContainerItemProxy;
			containerPortal = 1238661229885A0E0008F098 /* Project object */;
			proxyType = 1;
			remoteGlobalIDString = 1238661929885A0E0008F098;
			remoteInfo = "SSQRD Demo";
		};
/* End PBXContainerItemProxy section */

/* Begin PBXFileReference section */
		1238661A29885A0E0008F098 /* SSQRD Demo.app */ = {isa = PBXFileReference; explicitFileType = wrapper.application; includeInIndex = 0; path = "SSQRD Demo.app"; sourceTree = BUILT_PRODUCTS_DIR; };
		1238661D29885A0E0008F098 /* AppDelegate.h */ = {isa = PBXFileReference; lastKnownFileType = sourcecode.c.h; path = AppDelegate.h; sourceTree = "<group>"; };
		1238661E29885A0E0008F098 /* AppDelegate.m */ = {isa = PBXFileReference; lastKnownFileType = sourcecode.c.objc; path = AppDelegate.m; sourceTree = "<group>"; };
		1238662029885A0E0008F098 /* SceneDelegate.h */ = {isa = PBXFileReference; lastKnownFileType = sourcecode.c.h; path = SceneDelegate.h; sourceTree = "<group>"; };
		1238662129885A0E0008F098 /* SceneDelegate.m */ = {isa = PBXFileReference; lastKnownFileType = sourcecode.c.objc; path = SceneDelegate.m; sourceTree = "<group>"; };
		1238662329885A0E0008F098 /* ViewController.h */ = {isa = PBXFileReference; lastKnownFileType = sourcecode.c.h; path = ViewController.h; sourceTree = "<group>"; };
		1238662429885A0E0008F098 /* ViewController.m */ = {isa = PBXFileReference; lastKnownFileType = sourcecode.c.objc; path = ViewController.m; sourceTree = "<group>"; };
		1238662729885A0E0008F098 /* Base */ = {isa = PBXFileReference; lastKnownFileType = file.storyboard; name = Base; path = Base.lproj/Main.storyboard; sourceTree = "<group>"; };
		1238662929885A120008F098 /* Assets.xcassets */ = {isa = PBXFileReference; lastKnownFileType = folder.assetcatalog; path = Assets.xcassets; sourceTree = "<group>"; };
		1238662C29885A120008F098 /* Base */ = {isa = PBXFileReference; lastKnownFileType = file.storyboard; name = Base; path = Base.lproj/LaunchScreen.storyboard; sourceTree = "<group>"; };
		1238662E29885A120008F098 /* Info.plist */ = {isa = PBXFileReference; lastKnownFileType = text.plist.xml; path = Info.plist; sourceTree = "<group>"; };
		1238662F29885A120008F098 /* main.m */ = {isa = PBXFileReference; lastKnownFileType = sourcecode.c.objc; path = main.m; sourceTree = "<group>"; };
		1238663529885A120008F098 /* SSQRD DemoTests.xctest */ = {isa = PBXFileReference; explicitFileType = wrapper.cfbundle; includeInIndex = 0; path = "SSQRD DemoTests.xctest"; sourceTree = BUILT_PRODUCTS_DIR; };
		1238663929885A120008F098 /* SSQRD_DemoTests.m */ = {isa = PBXFileReference; lastKnownFileType = sourcecode.c.objc; path = SSQRD_DemoTests.m; sourceTree = "<group>"; };
		1238663F29885A120008F098 /* SSQRD DemoUITests.xctest */ = {isa = PBXFileReference; explicitFileType = wrapper.cfbundle; includeInIndex = 0; path = "SSQRD DemoUITests.xctest"; sourceTree = BUILT_PRODUCTS_DIR; };
		1238664329885A120008F098 /* SSQRD_DemoUITests.m */ = {isa = PBXFileReference; lastKnownFileType = sourcecode.c.objc; path = SSQRD_DemoUITests.m; sourceTree = "<group>"; };
		1238664529885A120008F098 /* SSQRD_DemoUITestsLaunchTests.m */ = {isa = PBXFileReference; lastKnownFileType = sourcecode.c.objc; path = SSQRD_DemoUITestsLaunchTests.m; sourceTree = "<group>"; };
/* End PBXFileReference section */

/* Begin PBXFrameworksBuildPhase section */
		1238661729885A0E0008F098 /* Frameworks */ = {
			isa = PBXFrameworksBuildPhase;
			buildActionMask = 2147483647;
			files = (
			);
			runOnlyForDeploymentPostprocessing = 0;
		};
		1238663229885A120008F098 /* Frameworks */ = {
			isa = PBXFrameworksBuildPhase;
			buildActionMask = 2147483647;
			files = (
			);
			runOnlyForDeploymentPostprocessing = 0;
		};
		1238663C29885A120008F098 /* Frameworks */ = {
			isa = PBXFrameworksBuildPhase;
			buildActionMask = 2147483647;
			files = (
			);
			runOnlyForDeploymentPostprocessing = 0;
		};
/* End PBXFrameworksBuildPhase section */

/* Begin PBXGroup section */
		1238661129885A0E0008F098 = {
			isa = PBXGroup;
			children = (
				1238661C29885A0E0008F098 /* SSQRD Demo */,
				1238663829885A120008F098 /* SSQRD DemoTests */,
				1238664229885A120008F098 /* SSQRD DemoUITests */,
				1238661B29885A0E0008F098 /* Products */,
			);
			sourceTree = "<group>";
		};
		1238661B29885A0E0008F098 /* Products */ = {
			isa = PBXGroup;
			children = (
				1238661A29885A0E0008F098 /* SSQRD Demo.app */,
				1238663529885A120008F098 /* SSQRD DemoTests.xctest */,
				1238663F29885A120008F098 /* SSQRD DemoUITests.xctest */,
			);
			name = Products;
			sourceTree = "<group>";
		};
		1238661C29885A0E0008F098 /* SSQRD Demo */ = {
			isa = PBXGroup;
			children = (
				1238661D29885A0E0008F098 /* AppDelegate.h */,
				1238661E29885A0E0008F098 /* AppDelegate.m */,
				1238662029885A0E0008F098 /* SceneDelegate.h */,
				1238662129885A0E0008F098 /* SceneDelegate.m */,
				1238662329885A0E0008F098 /* ViewController.h */,
				1238662429885A0E0008F098 /* ViewController.m */,
				1238662629885A0E0008F098 /* Main.storyboard */,
				1238662929885A120008F098 /* Assets.xcassets */,
				1238662B29885A120008F098 /* LaunchScreen.storyboard */,
				1238662E29885A120008F098 /* Info.plist */,
				1238662F29885A120008F098 /* main.m */,
			);
			path = "SSQRD Demo";
			sourceTree = "<group>";
		};
		1238663829885A120008F098 /* SSQRD DemoTests */ = {
			isa = PBXGroup;
			children = (
				1238663929885A120008F098 /* SSQRD_DemoTests.m */,
			);
			path = "SSQRD DemoTests";
			sourceTree = "<group>";
		};
		1238664229885A120008F098 /* SSQRD DemoUITests */ = {
			isa = PBXGroup;
			children = (
				1238664329885A120008F098 /* SSQRD_DemoUITests.m */,
				1238664529885A120008F098 /* SSQRD_DemoUITestsLaunchTests.m */,
			);
			path = "SSQRD DemoUITests";
			sourceTree = "<group>";
		};
/* End PBXGroup section */

/* Begin PBXNativeTarget section */
		1238661929885A0E0008F098 /* SSQRD Demo */ = {
			isa = PBXNativeTarget;
			buildConfigurationList = 1238664929885A120008F098 /* Build configuration list for PBXNativeTarget "SSQRD Demo" */;
			buildPhases = (
				1238661629885A0E0008F098 /* Sources */,
				1238661729885A0E0008F098 /* Frameworks */,
				1238661829885A0E0008F098 /* Resources */,
			);
			buildRules = (
			);
			dependencies = (
			);
			name = "SSQRD Demo";
			productName = "SSQRD Demo";
			productReference = 1238661A29885A0E0008F098 /* SSQRD Demo.app */;
			productType = "com.apple.product-type.application";
		};
		1238663429885A120008F098 /* SSQRD DemoTests */ = {
			isa = PBXNativeTarget;
			buildConfigurationList = 1238664C29885A120008F098 /* Build configuration list for PBXNativeTarget "SSQRD DemoTests" */;
			buildPhases = (
				1238663129885A120008F098 /* Sources */,
				1238663229885A120008F098 /* Frameworks */,
				1238663329885A120008F098 /* Resources */,
			);
			buildRules = (
			);
			dependencies = (
				1238663729885A120008F098 /* PBXTargetDependency */,
			);
			name = "SSQRD DemoTests";
			productName = "SSQRD DemoTests";
			productReference = 1238663529885A120008F098 /* SSQRD DemoTests.xctest */;
			productType = "com.apple.product-type.bundle.unit-test";
		};
		1238663E29885A120008F098 /* SSQRD DemoUITests */ = {
			isa = PBXNativeTarget;
			buildConfigurationList = 1238664F29885A120008F098 /* Build configuration list for PBXNativeTarget "SSQRD DemoUITests" */;
			buildPhases = (
				1238663B29885A120008F098 /* Sources */,
				1238663C29885A120008F098 /* Frameworks */,
				1238663D29885A120008F098 /* Resources */,
			);
			buildRules = (
			);
			dependencies = (
				1238664129885A120008F098 /* PBXTargetDependency */,
			);
			name = "SSQRD DemoUITests";
			productName = "SSQRD DemoUITests";
			productReference = 1238663F29885A120008F098 /* SSQRD DemoUITests.xctest */;
			productType = "com.apple.product-type.bundle.ui-testing";
		};
/* End PBXNativeTarget section */

/* Begin PBXProject section */
		1238661229885A0E0008F098 /* Project object */ = {
			isa = PBXProject;
			attributes = {
				BuildIndependentTargetsInParallel = 1;
				LastUpgradeCheck = 1340;
				TargetAttributes = {
					1238661929885A0E0008F098 = {
						CreatedOnToolsVersion = 13.4.1;
					};
					1238663429885A120008F098 = {
						CreatedOnToolsVersion = 13.4.1;
						TestTargetID = 1238661929885A0E0008F098;
					};
					1238663E29885A120008F098 = {
						CreatedOnToolsVersion = 13.4.1;
						TestTargetID = 1238661929885A0E0008F098;
					};
				};
			};
			buildConfigurationList = 1238661529885A0E0008F098 /* Build configuration list for PBXProject "SSQRD Demo" */;
			compatibilityVersion = "Xcode 13.0";
			developmentRegion = en;
			hasScannedForEncodings = 0;
			knownRegions = (
				en,
				Base,
			);
			mainGroup = 1238661129885A0E0008F098;
			productRefGroup = 1238661B29885A0E0008F098 /* Products */;
			projectDirPath = "";
			projectRoot = "";
			targets = (
				1238661929885A0E0008F098 /* SSQRD Demo */,
				1238663429885A120008F098 /* SSQRD DemoTests */,
				1238663E29885A120008F098 /* SSQRD DemoUITests */,
			);
		};
/* End PBXProject section */

/* Begin PBXResourcesBuildPhase section */
		1238661829885A0E0008F098 /* Resources */ = {
			isa = PBXResourcesBuildPhase;
			buildActionMask = 2147483647;
			files = (
				1238662D29885A120008F098 /* LaunchScreen.storyboard in Resources */,
				1238662A29885A120008F098 /* Assets.xcassets in Resources */,
				1238662829885A0E0008F098 /* Main.storyboard in Resources */,
			);
			runOnlyForDeploymentPostprocessing = 0;
		};
		1238663329885A120008F098 /* Resources */ = {
			isa = PBXResourcesBuildPhase;
			buildActionMask = 2147483647;
			files = (
			);
			runOnlyForDeploymentPostprocessing = 0;
		};
		1238663D29885A120008F098 /* Resources */ = {
			isa = PBXResourcesBuildPhase;
			buildActionMask = 2147483647;
			files = (
			);
			runOnlyForDeploymentPostprocessing = 0;
		};
/* End PBXResourcesBuildPhase section */

/* Begin PBXSourcesBuildPhase section */
		1238661629885A0E0008F098 /* Sources */ = {
			isa = PBXSourcesBuildPhase;
			buildActionMask = 2147483647;
			files = (
				1238662529885A0E0008F098 /* ViewController.m in Sources */,
				1238661F29885A0E0008F098 /* AppDelegate.m in Sources */,
				1238663029885A120008F098 /* main.m in Sources */,
				1238662229885A0E0008F098 /* SceneDelegate.m in Sources */,
			);
			runOnlyForDeploymentPostprocessing = 0;
		};
		1238663129885A120008F098 /* Sources */ = {
			isa = PBXSourcesBuildPhase;
			buildActionMask = 2147483647;
			files = (
				1238663A29885A120008F098 /* SSQRD_DemoTests.m in Sources */,
			);
			runOnlyForDeploymentPostprocessing = 0;
		};
		1238663B29885A120008F098 /* Sources */ = {
			isa = PBXSourcesBuildPhase;
			buildActionMask = 2147483647;
			files = (
				1238664429885A120008F098 /* SSQRD_DemoUITests.m in Sources */,
				1238664629885A120008F098 /* SSQRD_DemoUITestsLaunchTests.m in Sources */,
			);
			runOnlyForDeploymentPostprocessing = 0;
		};
/* End PBXSourcesBuildPhase section */

/* Begin PBXTargetDependency section */
		1238663729885A120008F098 /* PBXTargetDependency */ = {
			isa = PBXTargetDependency;
			target = 1238661929885A0E0008F098 /* SSQRD Demo */;
			targetProxy = 1238663629885A120008F098 /* PBXContainerItemProxy */;
		};
		1238664129885A120008F098 /* PBXTargetDependency */ = {
			isa = PBXTargetDependency;
			target = 1238661929885A0E0008F098 /* SSQRD Demo */;
			targetProxy = 1238664029885A120008F098 /* PBXContainerItemProxy */;
		};
/* End PBXTargetDependency section */

/* Begin PBXVariantGroup section */
		1238662629885A0E0008F098 /* Main.storyboard */ = {
			isa = PBXVariantGroup;
			children = (
				1238662729885A0E0008F098 /* Base */,
			);
			name = Main.storyboard;
			sourceTree = "<group>";
		};
		1238662B29885A120008F098 /* LaunchScreen.storyboard */ = {
			isa = PBXVariantGroup;
			children = (
				1238662C29885A120008F098 /* Base */,
			);
			name = LaunchScreen.storyboard;
			sourceTree = "<group>";
		};
/* End PBXVariantGroup section */

/* Begin XCBuildConfiguration section */
		1238664729885A120008F098 /* Debug */ = {
			isa = XCBuildConfiguration;
			buildSettings = {
				ALWAYS_SEARCH_USER_PATHS = NO;
				CLANG_ANALYZER_NONNULL = YES;
				CLANG_ANALYZER_NUMBER_OBJECT_CONVERSION = YES_AGGRESSIVE;
				CLANG_CXX_LANGUAGE_STANDARD = "gnu++17";
				CLANG_ENABLE_MODULES = YES;
				CLANG_ENABLE_OBJC_ARC = YES;
				CLANG_ENABLE_OBJC_WEAK = YES;
				CLANG_WARN_BLOCK_CAPTURE_AUTORELEASING = YES;
				CLANG_WARN_BOOL_CONVERSION = YES;
				CLANG_WARN_COMMA = YES;
				CLANG_WARN_CONSTANT_CONVERSION = YES;
				CLANG_WARN_DEPRECATED_OBJC_IMPLEMENTATIONS = YES;
				CLANG_WARN_DIRECT_OBJC_ISA_USAGE = YES_ERROR;
				CLANG_WARN_DOCUMENTATION_COMMENTS = YES;
				CLANG_WARN_EMPTY_BODY = YES;
				CLANG_WARN_ENUM_CONVERSION = YES;
				CLANG_WARN_INFINITE_RECURSION = YES;
				CLANG_WARN_INT_CONVERSION = YES;
				CLANG_WARN_NON_LITERAL_NULL_CONVERSION = YES;
				CLANG_WARN_OBJC_IMPLICIT_RETAIN_SELF = YES;
				CLANG_WARN_OBJC_LITERAL_CONVERSION = YES;
				CLANG_WARN_OBJC_ROOT_CLASS = YES_ERROR;
				CLANG_WARN_QUOTED_INCLUDE_IN_FRAMEWORK_HEADER = YES;
				CLANG_WARN_RANGE_LOOP_ANALYSIS = YES;
				CLANG_WARN_STRICT_PROTOTYPES = YES;
				CLANG_WARN_SUSPICIOUS_MOVE = YES;
				CLANG_WARN_UNGUARDED_AVAILABILITY = YES_AGGRESSIVE;
				CLANG_WARN_UNREACHABLE_CODE = YES;
				CLANG_WARN__DUPLICATE_METHOD_MATCH = YES;
				COPY_PHASE_STRIP = NO;
				DEBUG_INFORMATION_FORMAT = dwarf;
				ENABLE_STRICT_OBJC_MSGSEND = YES;
				ENABLE_TESTABILITY = YES;
				GCC_C_LANGUAGE_STANDARD = gnu11;
				GCC_DYNAMIC_NO_PIC = NO;
				GCC_NO_COMMON_BLOCKS = YES;
				GCC_OPTIMIZATION_LEVEL = 0;
				GCC_PREPROCESSOR_DEFINITIONS = (
					"DEBUG=1",
					"$(inherited)",
				);
				GCC_WARN_64_TO_32_BIT_CONVERSION = YES;
				GCC_WARN_ABOUT_RETURN_TYPE = YES_ERROR;
				GCC_WARN_UNDECLARED_SELECTOR = YES;
				GCC_WARN_UNINITIALIZED_AUTOS = YES_AGGRESSIVE;
				GCC_WARN_UNUSED_FUNCTION = YES;
				GCC_WARN_UNUSED_VARIABLE = YES;
				IPHONEOS_DEPLOYMENT_TARGET = 15.5;
				MTL_ENABLE_DEBUG_INFO = INCLUDE_SOURCE;
				MTL_FAST_MATH = YES;
				ONLY_ACTIVE_ARCH = YES;
				SDKROOT = iphoneos;
			};
			name = Debug;
		};
		1238664829885A120008F098 /* Release */ = {
			isa = XCBuildConfiguration;
			buildSettings = {
				ALWAYS_SEARCH_USER_PATHS = NO;
				CLANG_ANALYZER_NONNULL = YES;
				CLANG_ANALYZER_NUMBER_OBJECT_CONVERSION = YES_AGGRESSIVE;
				CLANG_CXX_LANGUAGE_STANDARD = "gnu++17";
				CLANG_ENABLE_MODULES = YES;
				CLANG_ENABLE_OBJC_ARC = YES;
				CLANG_ENABLE_OBJC_WEAK = YES;
				CLANG_WARN_BLOCK_CAPTURE_AUTORELEASING = YES;
				CLANG_WARN_BOOL_CONVERSION = YES;
				CLANG_WARN_COMMA = YES;
				CLANG_WARN_CONSTANT_CONVERSION = YES;
				CLANG_WARN_DEPRECATED_OBJC_IMPLEMENTATIONS = YES;
				CLANG_WARN_DIRECT_OBJC_ISA_USAGE = YES_ERROR;
				CLANG_WARN_DOCUMENTATION_COMMENTS = YES;
				CLANG_WARN_EMPTY_BODY = YES;
				CLANG_WARN_ENUM_CONVERSION = YES;
				CLANG_WARN_INFINITE_RECURSION = YES;
				CLANG_WARN_INT_CONVERSION = YES;
				CLANG_WARN_NON_LITERAL_NULL_CONVERSION = YES;
				CLANG_WARN_OBJC_IMPLICIT_RETAIN_SELF = YES;
				CLANG_WARN_OBJC_LITERAL_CONVERSION = YES;
				CLANG_WARN_OBJC_ROOT_CLASS = YES_ERROR;
				CLANG_WARN_QUOTED_INCLUDE_IN_FRAMEWORK_HEADER = YES;
				CLANG_WARN_RANGE_LOOP_ANALYSIS = YES;
				CLANG_WARN_STRICT_PROTOTYPES = YES;
				CLANG_WARN_SUSPICIOUS_MOVE = YES;
				CLANG_WARN_UNGUARDED_AVAILABILITY = YES_AGGRESSIVE;
				CLANG_WARN_UNREACHABLE_CODE = YES;
				CLANG_WARN__DUPLICATE_METHOD_MATCH = YES;
				COPY_PHASE_STRIP = NO;
				DEBUG_INFORMATION_FORMAT = "dwarf-with-dsym";
				ENABLE_NS_ASSERTIONS = NO;
				ENABLE_STRICT_OBJC_MSGSEND = YES;
				GCC_C_LANGUAGE_STANDARD = gnu11;
				GCC_NO_COMMON_BLOCKS = YES;
				GCC_WARN_64_TO_32_BIT_CONVERSION = YES;
				GCC_WARN_ABOUT_RETURN_TYPE = YES_ERROR;
				GCC_WARN_UNDECLARED_SELECTOR = YES;
				GCC_WARN_UNINITIALIZED_AUTOS = YES_AGGRESSIVE;
				GCC_WARN_UNUSED_FUNCTION = YES;
				GCC_WARN_UNUSED_VARIABLE = YES;
				IPHONEOS_DEPLOYMENT_TARGET = 15.5;
				MTL_ENABLE_DEBUG_INFO = NO;
				MTL_FAST_MATH = YES;
				SDKROOT = iphoneos;
				VALIDATE_PRODUCT = YES;
			};
			name = Release;
		};
		1238664A29885A120008F098 /* Debug */ = {
			isa = XCBuildConfiguration;
			buildSettings = {
				ASSETCATALOG_COMPILER_APPICON_NAME = AppIcon;
				ASSETCATALOG_COMPILER_GLOBAL_ACCENT_COLOR_NAME = AccentColor;
				CODE_SIGN_STYLE = Automatic;
				CURRENT_PROJECT_VERSION = 1;
				DEVELOPMENT_TEAM = N977YX5NDL;
				GENERATE_INFOPLIST_FILE = YES;
				INFOPLIST_FILE = "SSQRD Demo/Info.plist";
				INFOPLIST_KEY_UIApplicationSupportsIndirectInputEvents = YES;
				INFOPLIST_KEY_UILaunchStoryboardName = LaunchScreen;
				INFOPLIST_KEY_UIMainStoryboardFile = Main;
				INFOPLIST_KEY_UISupportedInterfaceOrientations_iPad = "UIInterfaceOrientationPortrait UIInterfaceOrientationPortraitUpsideDown UIInterfaceOrientationLandscapeLeft UIInterfaceOrientationLandscapeRight";
				INFOPLIST_KEY_UISupportedInterfaceOrientations_iPhone = "UIInterfaceOrientationPortrait UIInterfaceOrientationLandscapeLeft UIInterfaceOrientationLandscapeRight";
				LD_RUNPATH_SEARCH_PATHS = (
					"$(inherited)",
					"@executable_path/Frameworks",
				);
				MARKETING_VERSION = 1.0;
				PRODUCT_BUNDLE_IDENTIFIER = "com.jakasaurus.SSQRD.SSQRD-Demo";
				PRODUCT_NAME = "$(TARGET_NAME)";
				SWIFT_EMIT_LOC_STRINGS = YES;
				TARGETED_DEVICE_FAMILY = "1,2";
			};
			name = Debug;
		};
		1238664B29885A120008F098 /* Release */ = {
			isa = XCBuildConfiguration;
			buildSettings = {
				ASSETCATALOG_COMPILER_APPICON_NAME = AppIcon;
				ASSETCATALOG_COMPILER_GLOBAL_ACCENT_COLOR_NAME = AccentColor;
				CODE_SIGN_STYLE = Automatic;
				CURRENT_PROJECT_VERSION = 1;
				DEVELOPMENT_TEAM = N977YX5NDL;
				GENERATE_INFOPLIST_FILE = YES;
				INFOPLIST_FILE = "SSQRD Demo/Info.plist";
				INFOPLIST_KEY_UIApplicationSupportsIndirectInputEvents = YES;
				INFOPLIST_KEY_UILaunchStoryboardName = LaunchScreen;
				INFOPLIST_KEY_UIMainStoryboardFile = Main;
				INFOPLIST_KEY_UISupportedInterfaceOrientations_iPad = "UIInterfaceOrientationPortrait UIInterfaceOrientationPortraitUpsideDown UIInterfaceOrientationLandscapeLeft UIInterfaceOrientationLandscapeRight";
				INFOPLIST_KEY_UISupportedInterfaceOrientations_iPhone = "UIInterfaceOrientationPortrait UIInterfaceOrientationLandscapeLeft UIInterfaceOrientationLandscapeRight";
				LD_RUNPATH_SEARCH_PATHS = (
					"$(inherited)",
					"@executable_path/Frameworks",
				);
				MARKETING_VERSION = 1.0;
				PRODUCT_BUNDLE_IDENTIFIER = "com.jakasaurus.SSQRD.SSQRD-Demo";
				PRODUCT_NAME = "$(TARGET_NAME)";
				SWIFT_EMIT_LOC_STRINGS = YES;
				TARGETED_DEVICE_FAMILY = "1,2";
			};
			name = Release;
		};
		1238664D29885A120008F098 /* Debug */ = {
			isa = XCBuildConfiguration;
			buildSettings = {
				BUNDLE_LOADER = "$(TEST_HOST)";
				CODE_SIGN_STYLE = Automatic;
				CURRENT_PROJECT_VERSION = 1;
				DEVELOPMENT_TEAM = N977YX5NDL;
				GENERATE_INFOPLIST_FILE = YES;
				IPHONEOS_DEPLOYMENT_TARGET = 15.5;
				MARKETING_VERSION = 1.0;
				PRODUCT_BUNDLE_IDENTIFIER = "com.jakasaurus.SSQRD.SSQRD-DemoTests";
				PRODUCT_NAME = "$(TARGET_NAME)";
				SWIFT_EMIT_LOC_STRINGS = NO;
				TARGETED_DEVICE_FAMILY = "1,2";
				TEST_HOST = "$(BUILT_PRODUCTS_DIR)/SSQRD Demo.app/SSQRD Demo";
			};
			name = Debug;
		};
		1238664E29885A120008F098 /* Release */ = {
			isa = XCBuildConfiguration;
			buildSettings = {
				BUNDLE_LOADER = "$(TEST_HOST)";
				CODE_SIGN_STYLE = Automatic;
				CURRENT_PROJECT_VERSION = 1;
				DEVELOPMENT_TEAM = N977YX5NDL;
				GENERATE_INFOPLIST_FILE = YES;
				IPHONEOS_DEPLOYMENT_TARGET = 15.5;
				MARKETING_VERSION = 1.0;
				PRODUCT_BUNDLE_IDENTIFIER = "com.jakasaurus.SSQRD.SSQRD-DemoTests";
				PRODUCT_NAME = "$(TARGET_NAME)";
				SWIFT_EMIT_LOC_STRINGS = NO;
				TARGETED_DEVICE_FAMILY = "1,2";
				TEST_HOST = "$(BUILT_PRODUCTS_DIR)/SSQRD Demo.app/SSQRD Demo";
			};
			name = Release;
		};
		1238665029885A120008F098 /* Debug */ = {
			isa = XCBuildConfiguration;
			buildSettings = {
				CODE_SIGN_STYLE = Automatic;
				CURRENT_PROJECT_VERSION = 1;
				DEVELOPMENT_TEAM = N977YX5NDL;
				GENERATE_INFOPLIST_FILE = YES;
				MARKETING_VERSION = 1.0;
				PRODUCT_BUNDLE_IDENTIFIER = "com.jakasaurus.SSQRD.SSQRD-DemoUITests";
				PRODUCT_NAME = "$(TARGET_NAME)";
				SWIFT_EMIT_LOC_STRINGS = NO;
				TARGETED_DEVICE_FAMILY = "1,2";
				TEST_TARGET_NAME = "SSQRD Demo";
			};
			name = Debug;
		};
		1238665129885A120008F098 /* Release */ = {
			isa = XCBuildConfiguration;
			buildSettings = {
				CODE_SIGN_STYLE = Automatic;
				CURRENT_PROJECT_VERSION = 1;
				DEVELOPMENT_TEAM = N977YX5NDL;
				GENERATE_INFOPLIST_FILE = YES;
				MARKETING_VERSION = 1.0;
				PRODUCT_BUNDLE_IDENTIFIER = "com.jakasaurus.SSQRD.SSQRD-DemoUITests";
				PRODUCT_NAME = "$(TARGET_NAME)";
				SWIFT_EMIT_LOC_STRINGS = NO;
				TARGETED_DEVICE_FAMILY = "1,2";
				TEST_TARGET_NAME = "SSQRD Demo";
			};
			name = Release;
		};
/* End XCBuildConfiguration section */

/* Begin XCConfigurationList section */
		1238661529885A0E0008F098 /* Build configuration list for PBXProject "SSQRD Demo" */ = {
			isa = XCConfigurationList;
			buildConfigurations = (
				1238664729885A120008F098 /* Debug */,
				1238664829885A120008F098 /* Release */,
			);
			defaultConfigurationIsVisible = 0;
			defaultConfigurationName = Release;
		};
		1238664929885A120008F098 /* Build configuration list for PBXNativeTarget "SSQRD Demo" */ = {
			isa = XCConfigurationList;
			buildConfigurations = (
				1238664A29885A120008F098 /* Debug */,
				1238664B29885A120008F098 /* Release */,
			);
			defaultConfigurationIsVisible = 0;
			defaultConfigurationName = Release;
		};
		1238664C29885A120008F098 /* Build configuration list for PBXNativeTarget "SSQRD DemoTests" */ = {
			isa = XCConfigurationList;
			buildConfigurations = (
				1238664D29885A120008F098 /* Debug */,
				1238664E29885A120008F098 /* Release */,
			);
			defaultConfigurationIsVisible = 0;
			defaultConfigurationName = Release;
		};
		1238664F29885A120008F098 /* Build configuration list for PBXNativeTarget "SSQRD DemoUITests" */ = {
			isa = XCConfigurationList;
			buildConfigurations = (
				1238665029885A120008F098 /* Debug */,
				1238665129885A120008F098 /* Release */,
			);
			defaultConfigurationIsVisible = 0;
			defaultConfigurationName = Release;
		};
/* End XCConfigurationList section */
	};
	rootObject = 1238661229885A0E0008F098 /* Project object */;
}
